<?xml version="1.0" encoding="UTF-8"?>
<Scheme
   version = "1.3">
   <BuildAction>
      <BuildActionEntries>
         <BuildActionEntry
            buildForRunning = "YES">
            <BuildableReference
               BuildableIdentifier = "primary"
               BlueprintIdentifier = "6B041D29E4F7BD2FD953D8ED"
               BuildableName = "Maps Presentation.app"
               BlueprintName = "Maps Presentation"
               ReferencedContainer = "container:Maps Presentation.xcodeproj">
            </BuildableReference>
         </BuildActionEntry>
      </BuildActionEntries>
   </BuildAction>
   <LaunchAction
      useCustomWorkingDirectory = "NO"
      buildConfiguration = "Debug">
      <BuildableProductRunnable>
         <BuildableReference
            BuildableIdentifier = "primary"
            BlueprintIdentifier = "6B041D29E4F7BD2FD953D8ED"
            BuildableName = "Maps Presentation.app"
            BlueprintName = "Maps Presentation"
            ReferencedContainer = "container:Maps Presentation.xcodeproj">
         </BuildableReference>
      </BuildableProductRunnable>
   </LaunchAction>
</Scheme>
